<?xml version="1.0" encoding="UTF-8" standalone="yes" ?>
<CodeBlocks_project_file>
	<FileVersion major="1" minor="6" />
	<Project>
		<Option title="Restaurantes" />
		<Option pch_mode="2" />
		<Option compiler="gcc" />
		<Build>
			<Target title="Debug">
				<Option output="bin/Debug/Restaurantes" prefix_auto="1" extension_auto="1" />
				<Option object_output="obj/Debug/" />
				<Option type="1" />
				<Option compiler="gcc" />
				<Compiler>
					<Add option="-g" />
				</Compiler>
			</Target>
			<Target title="Release">
				<Option output="bin/Release/Restaurantes" prefix_auto="1" extension_auto="1" />
				<Option object_output="obj/Release/" />
				<Option type="1" />
				<Option compiler="gcc" />
				<Compiler>
					<Add option="-O2" />
				</Compiler>
				<Linker>
					<Add option="-s" />
				</Linker>
			</Target>
		</Build>
		<Compiler>
			<Add option="-Wall" />
			<Add option="-fexceptions" />
		</Compiler>
		<Unit filename="ClsArchivoCarta.h" />
		<Unit filename="clsArchivoClientes.h">
			<Option target="&lt;{~None~}&gt;" />
		</Unit>
		<Unit filename="clsArchivoEmpleados.h">
			<Option target="&lt;{~None~}&gt;" />
		</Unit>
		<Unit filename="clsArchivoPedidos.h">
			<Option target="&lt;{~None~}&gt;" />
		</Unit>
		<Unit filename="clsArchivoVenta.h">
			<Option target="&lt;{~None~}&gt;" />
		</Unit>
		<Unit filename="clsCarta.h">
			<Option target="&lt;{~None~}&gt;" />
		</Unit>
		<Unit filename="clsCliente.h">
			<Option target="&lt;{~None~}&gt;" />
		</Unit>
		<Unit filename="clsEmpleados.h">
			<Option target="&lt;{~None~}&gt;" />
		</Unit>
		<Unit filename="clsFecha.h">
			<Option target="&lt;{~None~}&gt;" />
		</Unit>
		<Unit filename="clsPedido.h">
			<Option target="&lt;{~None~}&gt;" />
		</Unit>
		<Unit filename="clsVenta.h">
			<Option target="&lt;{~None~}&gt;" />
		</Unit>
		<Unit filename="funcionesCarta.h" />
		<Unit filename="funcionesClientes.h">
			<Option target="&lt;{~None~}&gt;" />
		</Unit>
		<Unit filename="funcionesConfiguracion.h">
			<Option target="&lt;{~None~}&gt;" />
		</Unit>
		<Unit filename="funcionesEmpleados.h">
			<Option target="&lt;{~None~}&gt;" />
		</Unit>
		<Unit filename="funcionesGlobales.h">
			<Option target="&lt;{~None~}&gt;" />
		</Unit>
		<Unit filename="funcionesPedidos.h">
			<Option target="&lt;{~None~}&gt;" />
		</Unit>
		<Unit filename="funcionesVenta.h">
			<Option target="&lt;{~None~}&gt;" />
		</Unit>
		<Unit filename="main.cpp" />
		<Unit filename="menuCarta.h" />
		<Unit filename="menuCliente.h">
			<Option target="&lt;{~None~}&gt;" />
		</Unit>
		<Unit filename="menuConfiguracion.h">
			<Option target="&lt;{~None~}&gt;" />
		</Unit>
		<Unit filename="menuEmpleados.h">
			<Option target="&lt;{~None~}&gt;" />
		</Unit>
		<Unit filename="menuPedidos.h" />
		<Unit filename="menuVentas.h">
			<Option target="&lt;{~None~}&gt;" />
		</Unit>
		<Unit filename="prototipos.h">
			<Option target="&lt;{~None~}&gt;" />
		</Unit>
		<Unit filename="reportes.h" />
		<Unit filename="rlutil.h" />
		<Extensions>
			<lib_finder disable_auto="1" />
		</Extensions>
	</Project>
</CodeBlocks_project_file>
